
Microsoft Visual Studio Solution File, Format Version 12.00
# Visual Studio Version 17
VisualStudioVersion = 17.1.32210.238
MinimumVisualStudioVersion = 10.0.40219.1
Project("{9A19103F-16F7-4668-BE54-9A1E7A4F7556}") = "ZIPResourceManager", "SRC\ZIPResourceManager.csproj", "{353DA989-7440-4905-BFD1-7EB51A18779B}"
EndProject
Project("{FAE04EC0-301F-11D3-BF4B-00C04F79EFBC}") = "Sample", "Sample\Sample.csproj", "{23F5BFC3-ED5C-4418-A55F-D5782F1A4494}"
EndProject
Global
	GlobalSection(SolutionConfigurationPlatforms) = preSolution
		Debug|Any CPU = Debug|Any CPU
		Release|Any CPU = Release|Any CPU
	EndGlobalSection
	GlobalSection(ProjectConfigurationPlatforms) = postSolution
		{353DA989-7440-4905-BFD1-7EB51A18779B}.Debug|Any CPU.ActiveCfg = Debug|Any CPU
		{353DA989-7440-4905-BFD1-7EB51A18779B}.Debug|Any CPU.Build.0 = Debug|Any CPU
		{353DA989-7440-4905-BFD1-7EB51A18779B}.Release|Any CPU.ActiveCfg = Release|Any CPU
		{353DA989-7440-4905-BFD1-7EB51A18779B}.Release|Any CPU.Build.0 = Release|Any CPU
		{23F5BFC3-ED5C-4418-A55F-D5782F1A4494}.Debug|Any CPU.ActiveCfg = Debug|Any CPU
		{23F5BFC3-ED5C-4418-A55F-D5782F1A4494}.Debug|Any CPU.Build.0 = Debug|Any CPU
		{23F5BFC3-ED5C-4418-A55F-D5782F1A4494}.Release|Any CPU.ActiveCfg = Release|Any CPU
		{23F5BFC3-ED5C-4418-A55F-D5782F1A4494}.Release|Any CPU.Build.0 = Release|Any CPU
	EndGlobalSection
	GlobalSection(SolutionProperties) = preSolution
		HideSolutionNode = FALSE
	EndGlobalSection
	GlobalSection(ExtensibilityGlobals) = postSolution
		SolutionGuid = {4BDA5F59-AC95-41BB-8253-D25FF5022F3C}
	EndGlobalSection
EndGlobal
